
Microsoft Visual Studio Solution File, Format Version 12.00
Project("{FAE04EC0-301F-11D3-BF4B-00C04F79EFBC}") = "PET_Console", "PET_Console\PET_Console.csproj", "{45B1E4F3-FDFD-4B06-8477-A5E103ED84BA}"
EndProject
Global
	GlobalSection(SolutionConfigurationPlatforms) = preSolution
		Debug|Any CPU = Debug|Any CPU
		Release|Any CPU = Release|Any CPU
	EndGlobalSection
	GlobalSection(ProjectConfigurationPlatforms) = postSolution
		{45B1E4F3-FDFD-4B06-8477-A5E103ED84BA}.Debug|Any CPU.ActiveCfg = Debug|Any CPU
		{45B1E4F3-FDFD-4B06-8477-A5E103ED84BA}.Debug|Any CPU.Build.0 = Debug|Any CPU
		{45B1E4F3-FDFD-4B06-8477-A5E103ED84BA}.Release|Any CPU.ActiveCfg = Release|Any CPU
		{45B1E4F3-FDFD-4B06-8477-A5E103ED84BA}.Release|Any CPU.Build.0 = Release|Any CPU
	EndGlobalSection
EndGlobal
